
Microsoft Visual Studio Solution File, Format Version 12.00
# Visual Studio 2013
VisualStudioVersion = 12.0.21005.1
MinimumVisualStudioVersion = 10.0.40219.1
Project("{FAE04EC0-301F-11D3-BF4B-00C04F79EFBC}") = "RTSBitcoinProject", "RTSBitcoinProject\RTSBitcoinProject.csproj", "{AAA76842-A9BD-4316-A64B-58606DC414ED}"
	ProjectSection(ProjectDependencies) = postProject
		{266935B5-B5B2-462C-8308-20E2BD1360B5} = {266935B5-B5B2-462C-8308-20E2BD1360B5}
	EndProjectSection
EndProject
Project("{FAE04EC0-301F-11D3-BF4B-00C04F79EFBC}") = "BtceApi", "BtceApi\BtceApi.csproj", "{266935B5-B5B2-462C-8308-20E2BD1360B5}"
EndProject
Project("{FAE04EC0-301F-11D3-BF4B-00C04F79EFBC}") = "ApiTest", "ApiTest\ApiTest.csproj", "{948B9B9B-8CED-4A3D-AF73-A8147AF93B26}"
EndProject
Project("{FAE04EC0-301F-11D3-BF4B-00C04F79EFBC}") = "RTSBitcoinProjectTest", "UnitTestProject1\RTSBitcoinProjectTest.csproj", "{BF2B02D5-CFC6-4B68-9BAE-BCB7C86D3720}"
EndProject
Project("{FAE04EC0-301F-11D3-BF4B-00C04F79EFBC}") = "CandleSticks", "CandleSticks\CandleSticks.csproj", "{6D56D33C-211A-494D-B3C3-51FDB9C27573}"
EndProject
Global
	GlobalSection(SolutionConfigurationPlatforms) = preSolution
		Debug|Any CPU = Debug|Any CPU
		Debug|Mixed Platforms = Debug|Mixed Platforms
		Debug|X64 = Debug|X64
		Debug|x86 = Debug|x86
		Release|Any CPU = Release|Any CPU
		Release|Mixed Platforms = Release|Mixed Platforms
		Release|X64 = Release|X64
		Release|x86 = Release|x86
	EndGlobalSection
	GlobalSection(ProjectConfigurationPlatforms) = postSolution
		{AAA76842-A9BD-4316-A64B-58606DC414ED}.Debug|Any CPU.ActiveCfg = Debug|Any CPU
		{AAA76842-A9BD-4316-A64B-58606DC414ED}.Debug|Any CPU.Build.0 = Debug|Any CPU
		{AAA76842-A9BD-4316-A64B-58606DC414ED}.Debug|Mixed Platforms.ActiveCfg = Debug|Any CPU
		{AAA76842-A9BD-4316-A64B-58606DC414ED}.Debug|Mixed Platforms.Build.0 = Debug|Any CPU
		{AAA76842-A9BD-4316-A64B-58606DC414ED}.Debug|X64.ActiveCfg = Debug|Any CPU
		{AAA76842-A9BD-4316-A64B-58606DC414ED}.Debug|x86.ActiveCfg = Debug|Any CPU
		{AAA76842-A9BD-4316-A64B-58606DC414ED}.Release|Any CPU.ActiveCfg = Release|Any CPU
		{AAA76842-A9BD-4316-A64B-58606DC414ED}.Release|Any CPU.Build.0 = Release|Any CPU
		{AAA76842-A9BD-4316-A64B-58606DC414ED}.Release|Mixed Platforms.ActiveCfg = Release|Any CPU
		{AAA76842-A9BD-4316-A64B-58606DC414ED}.Release|Mixed Platforms.Build.0 = Release|Any CPU
		{AAA76842-A9BD-4316-A64B-58606DC414ED}.Release|X64.ActiveCfg = Release|Any CPU
		{AAA76842-A9BD-4316-A64B-58606DC414ED}.Release|x86.ActiveCfg = Release|Any CPU
		{266935B5-B5B2-462C-8308-20E2BD1360B5}.Debug|Any CPU.ActiveCfg = Debug|Any CPU
		{266935B5-B5B2-462C-8308-20E2BD1360B5}.Debug|Any CPU.Build.0 = Debug|Any CPU
		{266935B5-B5B2-462C-8308-20E2BD1360B5}.Debug|Mixed Platforms.ActiveCfg = Debug|Any CPU
		{266935B5-B5B2-462C-8308-20E2BD1360B5}.Debug|Mixed Platforms.Build.0 = Debug|Any CPU
		{266935B5-B5B2-462C-8308-20E2BD1360B5}.Debug|X64.ActiveCfg = Debug|X64
		{266935B5-B5B2-462C-8308-20E2BD1360B5}.Debug|X64.Build.0 = Debug|X64
		{266935B5-B5B2-462C-8308-20E2BD1360B5}.Debug|x86.ActiveCfg = Debug|Any CPU
		{266935B5-B5B2-462C-8308-20E2BD1360B5}.Release|Any CPU.ActiveCfg = Release|Any CPU
		{266935B5-B5B2-462C-8308-20E2BD1360B5}.Release|Any CPU.Build.0 = Release|Any CPU
		{266935B5-B5B2-462C-8308-20E2BD1360B5}.Release|Mixed Platforms.ActiveCfg = Release|Any CPU
		{266935B5-B5B2-462C-8308-20E2BD1360B5}.Release|Mixed Platforms.Build.0 = Release|Any CPU
		{266935B5-B5B2-462C-8308-20E2BD1360B5}.Release|X64.ActiveCfg = Release|X64
		{266935B5-B5B2-462C-8308-20E2BD1360B5}.Release|X64.Build.0 = Release|X64
		{266935B5-B5B2-462C-8308-20E2BD1360B5}.Release|x86.ActiveCfg = Release|Any CPU
		{948B9B9B-8CED-4A3D-AF73-A8147AF93B26}.Debug|Any CPU.ActiveCfg = Debug|x86
		{948B9B9B-8CED-4A3D-AF73-A8147AF93B26}.Debug|Mixed Platforms.ActiveCfg = Debug|x86
		{948B9B9B-8CED-4A3D-AF73-A8147AF93B26}.Debug|Mixed Platforms.Build.0 = Debug|x86
		{948B9B9B-8CED-4A3D-AF73-A8147AF93B26}.Debug|X64.ActiveCfg = Debug|x86
		{948B9B9B-8CED-4A3D-AF73-A8147AF93B26}.Debug|x86.ActiveCfg = Debug|x86
		{948B9B9B-8CED-4A3D-AF73-A8147AF93B26}.Debug|x86.Build.0 = Debug|x86
		{948B9B9B-8CED-4A3D-AF73-A8147AF93B26}.Release|Any CPU.ActiveCfg = Release|x86
		{948B9B9B-8CED-4A3D-AF73-A8147AF93B26}.Release|Mixed Platforms.ActiveCfg = Release|x86
		{948B9B9B-8CED-4A3D-AF73-A8147AF93B26}.Release|Mixed Platforms.Build.0 = Release|x86
		{948B9B9B-8CED-4A3D-AF73-A8147AF93B26}.Release|X64.ActiveCfg = Release|x86
		{948B9B9B-8CED-4A3D-AF73-A8147AF93B26}.Release|x86.ActiveCfg = Release|x86
		{948B9B9B-8CED-4A3D-AF73-A8147AF93B26}.Release|x86.Build.0 = Release|x86
		{BF2B02D5-CFC6-4B68-9BAE-BCB7C86D3720}.Debug|Any CPU.ActiveCfg = Debug|Any CPU
		{BF2B02D5-CFC6-4B68-9BAE-BCB7C86D3720}.Debug|Any CPU.Build.0 = Debug|Any CPU
		{BF2B02D5-CFC6-4B68-9BAE-BCB7C86D3720}.Debug|Mixed Platforms.ActiveCfg = Debug|Any CPU
		{BF2B02D5-CFC6-4B68-9BAE-BCB7C86D3720}.Debug|Mixed Platforms.Build.0 = Debug|Any CPU
		{BF2B02D5-CFC6-4B68-9BAE-BCB7C86D3720}.Debug|X64.ActiveCfg = Debug|Any CPU
		{BF2B02D5-CFC6-4B68-9BAE-BCB7C86D3720}.Debug|x86.ActiveCfg = Debug|Any CPU
		{BF2B02D5-CFC6-4B68-9BAE-BCB7C86D3720}.Release|Any CPU.ActiveCfg = Release|Any CPU
		{BF2B02D5-CFC6-4B68-9BAE-BCB7C86D3720}.Release|Any CPU.Build.0 = Release|Any CPU
		{BF2B02D5-CFC6-4B68-9BAE-BCB7C86D3720}.Release|Mixed Platforms.ActiveCfg = Release|Any CPU
		{BF2B02D5-CFC6-4B68-9BAE-BCB7C86D3720}.Release|Mixed Platforms.Build.0 = Release|Any CPU
		{BF2B02D5-CFC6-4B68-9BAE-BCB7C86D3720}.Release|X64.ActiveCfg = Release|Any CPU
		{BF2B02D5-CFC6-4B68-9BAE-BCB7C86D3720}.Release|x86.ActiveCfg = Release|Any CPU
		{6D56D33C-211A-494D-B3C3-51FDB9C27573}.Debug|Any CPU.ActiveCfg = Debug|Any CPU
		{6D56D33C-211A-494D-B3C3-51FDB9C27573}.Debug|Any CPU.Build.0 = Debug|Any CPU
		{6D56D33C-211A-494D-B3C3-51FDB9C27573}.Debug|Mixed Platforms.ActiveCfg = Debug|Any CPU
		{6D56D33C-211A-494D-B3C3-51FDB9C27573}.Debug|Mixed Platforms.Build.0 = Debug|Any CPU
		{6D56D33C-211A-494D-B3C3-51FDB9C27573}.Debug|X64.ActiveCfg = Debug|Any CPU
		{6D56D33C-211A-494D-B3C3-51FDB9C27573}.Debug|x86.ActiveCfg = Debug|Any CPU
		{6D56D33C-211A-494D-B3C3-51FDB9C27573}.Release|Any CPU.ActiveCfg = Release|Any CPU
		{6D56D33C-211A-494D-B3C3-51FDB9C27573}.Release|Any CPU.Build.0 = Release|Any CPU
		{6D56D33C-211A-494D-B3C3-51FDB9C27573}.Release|Mixed Platforms.ActiveCfg = Release|Any CPU
		{6D56D33C-211A-494D-B3C3-51FDB9C27573}.Release|Mixed Platforms.Build.0 = Release|Any CPU
		{6D56D33C-211A-494D-B3C3-51FDB9C27573}.Release|X64.ActiveCfg = Release|Any CPU
		{6D56D33C-211A-494D-B3C3-51FDB9C27573}.Release|x86.ActiveCfg = Release|Any CPU
	EndGlobalSection
	GlobalSection(SolutionProperties) = preSolution
		HideSolutionNode = FALSE
	EndGlobalSection
EndGlobal
